
Microsoft Visual Studio Solution File, Format Version 12.00
# Visual Studio Version 16
VisualStudioVersion = 16.0.32602.291
MinimumVisualStudioVersion = 10.0.40219.1
Project("{FAE04EC0-301F-11D3-BF4B-00C04F79EFBC}") = "FirstProject", "FirstProject\FirstProject.csproj", "{3BA02961-DA03-4CBA-97AB-B1C05619E331}"
EndProject
Global
	GlobalSection(SolutionConfigurationPlatforms) = preSolution
		Debug|Any CPU = Debug|Any CPU
		Release|Any CPU = Release|Any CPU
	EndGlobalSection
	GlobalSection(ProjectConfigurationPlatforms) = postSolution
		{3BA02961-DA03-4CBA-97AB-B1C05619E331}.Debug|Any CPU.ActiveCfg = Debug|Any CPU
		{3BA02961-DA03-4CBA-97AB-B1C05619E331}.Debug|Any CPU.Build.0 = Debug|Any CPU
		{3BA02961-DA03-4CBA-97AB-B1C05619E331}.Release|Any CPU.ActiveCfg = Release|Any CPU
		{3BA02961-DA03-4CBA-97AB-B1C05619E331}.Release|Any CPU.Build.0 = Release|Any CPU
	EndGlobalSection
	GlobalSection(SolutionProperties) = preSolution
		HideSolutionNode = FALSE
	EndGlobalSection
	GlobalSection(ExtensibilityGlobals) = postSolution
		SolutionGuid = {3A94D340-3C65-483F-BE15-27BE5AC495D7}
	EndGlobalSection
EndGlobal
